version: 1.0
shards:
  db:
    github: crystal-lang/crystal-db
    version: 0.4.3

  is_mobile:
    github: ayazhafiz/is_mobile
    commit: d831af9ad58cd4c4cec92db04b620578e11321c8

  kemal:
    github: kemalcr/kemal
    version: 0.21.0

  kilt:
    github: jeromegn/kilt
    version: 0.4.0

  pg:
    github: will/crystal-pg
    commit: 22a6f1317b00195b4302d79b3b3d47b36c883099

  radix:
    github: luislavena/radix
    version: 0.3.8

  rod:
    github: ayazhafiz/rod
    commit: a8eeab21c62560459ed5356db41aa1edfce11584

  spec-kemal:
    github: kemalcr/spec-kemal
    commit: 93ab608228ea6619d15555d1c77a3bcff29f1dba

  vector:
    github: ayazhafiz/crystal-vector
    commit: 0eae7014f4e496dff2b80aacbd66c2efe53f78bd

