version: 1.0
shards:
  is_mobile:
    github: ayazhafiz/is_mobile
    commit: 579ffbbaddee6ded4f95d340d04c6e1af20b38ac

  kemal:
    github: kemalcr/kemal
    commit: eb3e83d5903ce8f18d796a97ae200009fdf2c9a2

  kilt:
    github: jeromegn/kilt
    version: 0.4.0

  radix:
    github: luislavena/radix
    version: 0.3.8

  vector:
    github: ayazhafiz/crystal-vector
    commit: 0d332f02447be67561bfd67e8ef70e09f8a43851

